
Microsoft Visual Studio Solution File, Format Version 12.00
# Visual Studio 14
VisualStudioVersion = 14.0.25420.1
MinimumVisualStudioVersion = 10.0.40219.1
Project("{8BB2217D-0F2D-49D1-97BC-3654ED321F3B}") = "XCentium.Plugins.Authorize.Net", "XCentium.Plugins.Authorize.Net\XCentium.Plugins.Authorize.Net.xproj", "{DB15884B-EE26-4E5E-9B83-E036F73509EA}"
EndProject
Global
	GlobalSection(SolutionConfigurationPlatforms) = preSolution
		Debug|Any CPU = Debug|Any CPU
		Release|Any CPU = Release|Any CPU
	EndGlobalSection
	GlobalSection(ProjectConfigurationPlatforms) = postSolution
		{DB15884B-EE26-4E5E-9B83-E036F73509EA}.Debug|Any CPU.ActiveCfg = Debug|Any CPU
		{DB15884B-EE26-4E5E-9B83-E036F73509EA}.Debug|Any CPU.Build.0 = Debug|Any CPU
		{DB15884B-EE26-4E5E-9B83-E036F73509EA}.Release|Any CPU.ActiveCfg = Release|Any CPU
		{DB15884B-EE26-4E5E-9B83-E036F73509EA}.Release|Any CPU.Build.0 = Release|Any CPU
	EndGlobalSection
	GlobalSection(SolutionProperties) = preSolution
		HideSolutionNode = FALSE
	EndGlobalSection
EndGlobal
